
Microsoft Visual Studio Solution File, Format Version 12.00
# Visual Studio Version 17
VisualStudioVersion = 17.9.34407.89
MinimumVisualStudioVersion = 10.0.40219.1
Project("{2150E333-8FDC-42A3-9474-1A3956D46DE8}") = "Src", "Src", "{C470542F-600A-454F-8C75-40D894C9F4EB}"
EndProject
Project("{2150E333-8FDC-42A3-9474-1A3956D46DE8}") = "Test", "Test", "{2E7AA569-4C08-4517-8221-05D2A90DA7FF}"
EndProject
Project("{2150E333-8FDC-42A3-9474-1A3956D46DE8}") = "API", "API", "{FF2027D0-B67E-44EA-A9CB-A9530A93DE8E}"
EndProject
Project("{2150E333-8FDC-42A3-9474-1A3956D46DE8}") = "Core", "Core", "{CC2B58A7-AB5C-49C8-A47F-FA9356BE8CC5}"
EndProject
Project("{2150E333-8FDC-42A3-9474-1A3956D46DE8}") = "Infrastructure", "Infrastructure", "{ABBD0B3F-7C25-48E8-AB31-2844242C6EBF}"
EndProject
Project("{2150E333-8FDC-42A3-9474-1A3956D46DE8}") = "UI", "UI", "{73FC8730-4E8D-41A7-B75B-16FA9E5C83F3}"
EndProject
Project("{9A19103F-16F7-4668-BE54-9A1E7A4F7556}") = "GlobalTicketManagement.Domain", "Src\Core\GlobalTicketManagement.Domain\GlobalTicketManagement.Domain.csproj", "{4BE85639-B00D-4242-86BD-D525CDFDF923}"
EndProject
Project("{9A19103F-16F7-4668-BE54-9A1E7A4F7556}") = "GlobalTicketManagement.Application", "Src\Core\GlobalTicketManagement.Application\GlobalTicketManagement.Application.csproj", "{30EFAC2D-E808-4BD5-8650-D2C185EA7C7B}"
EndProject
Project("{9A19103F-16F7-4668-BE54-9A1E7A4F7556}") = "GlobalTicketManagement.Persistence", "Src\Infrastructure\GlobalTicketManagement.Persistence\GlobalTicketManagement.Persistence.csproj", "{54D63639-F99E-4A57-AE58-53E03CD99FCE}"
EndProject
Project("{9A19103F-16F7-4668-BE54-9A1E7A4F7556}") = "GlobalTicketManagement.Infrastructure", "Src\Infrastructure\GlobalTicketManagement.Infrastructure\GlobalTicketManagement.Infrastructure.csproj", "{DB941185-B8E1-4862-A87E-32A9508E59DE}"
EndProject
Project("{9A19103F-16F7-4668-BE54-9A1E7A4F7556}") = "GlobalTicketManagement.Api", "Src\API\GlobalTicketManagement.Api\GlobalTicketManagement.Api.csproj", "{BC01DB9B-FEA7-4010-BF55-BF3188A567F3}"
EndProject
Project("{FAE04EC0-301F-11D3-BF4B-00C04F79EFBC}") = "GlobalTicketManagement.Application.UnitTest", "Test\GlobalTicketManagement.Application.UnitTest\GlobalTicketManagement.Application.UnitTest.csproj", "{814B847D-50D6-4012-A23C-FED77008F43C}"
EndProject
Project("{2150E333-8FDC-42A3-9474-1A3956D46DE8}") = "Shared", "Shared", "{019007F3-459A-4F1C-973C-2C992DBD8BDB}"
EndProject
Project("{FAE04EC0-301F-11D3-BF4B-00C04F79EFBC}") = "SharedUtilities", "Shared\SharedUtilities\SharedUtilities.csproj", "{5CD588FA-C3B4-406E-AB7F-3B6372B7F480}"
EndProject
Project("{FAE04EC0-301F-11D3-BF4B-00C04F79EFBC}") = "GloboTicketManagement.Persistence.IntegrationTests", "Test\GloboTicketManagement.Persistence.IntegrationTests\GloboTicketManagement.Persistence.IntegrationTests.csproj", "{1B622915-4C7E-4007-917F-7FE0EBFBFFEB}"
EndProject
Project("{FAE04EC0-301F-11D3-BF4B-00C04F79EFBC}") = "GloboTicketManagement.API.IntegrationTests", "Test\GloboTicketManagement.API.IntegrationTests\GloboTicketManagement.API.IntegrationTests.csproj", "{90C95CB6-2677-4FF9-96F7-316B967B4426}"
EndProject
Global
	GlobalSection(SolutionConfigurationPlatforms) = preSolution
		Debug|Any CPU = Debug|Any CPU
		Release|Any CPU = Release|Any CPU
	EndGlobalSection
	GlobalSection(ProjectConfigurationPlatforms) = postSolution
		{4BE85639-B00D-4242-86BD-D525CDFDF923}.Debug|Any CPU.ActiveCfg = Debug|Any CPU
		{4BE85639-B00D-4242-86BD-D525CDFDF923}.Debug|Any CPU.Build.0 = Debug|Any CPU
		{4BE85639-B00D-4242-86BD-D525CDFDF923}.Release|Any CPU.ActiveCfg = Release|Any CPU
		{4BE85639-B00D-4242-86BD-D525CDFDF923}.Release|Any CPU.Build.0 = Release|Any CPU
		{30EFAC2D-E808-4BD5-8650-D2C185EA7C7B}.Debug|Any CPU.ActiveCfg = Debug|Any CPU
		{30EFAC2D-E808-4BD5-8650-D2C185EA7C7B}.Debug|Any CPU.Build.0 = Debug|Any CPU
		{30EFAC2D-E808-4BD5-8650-D2C185EA7C7B}.Release|Any CPU.ActiveCfg = Release|Any CPU
		{30EFAC2D-E808-4BD5-8650-D2C185EA7C7B}.Release|Any CPU.Build.0 = Release|Any CPU
		{54D63639-F99E-4A57-AE58-53E03CD99FCE}.Debug|Any CPU.ActiveCfg = Debug|Any CPU
		{54D63639-F99E-4A57-AE58-53E03CD99FCE}.Debug|Any CPU.Build.0 = Debug|Any CPU
		{54D63639-F99E-4A57-AE58-53E03CD99FCE}.Release|Any CPU.ActiveCfg = Release|Any CPU
		{54D63639-F99E-4A57-AE58-53E03CD99FCE}.Release|Any CPU.Build.0 = Release|Any CPU
		{DB941185-B8E1-4862-A87E-32A9508E59DE}.Debug|Any CPU.ActiveCfg = Debug|Any CPU
		{DB941185-B8E1-4862-A87E-32A9508E59DE}.Debug|Any CPU.Build.0 = Debug|Any CPU
		{DB941185-B8E1-4862-A87E-32A9508E59DE}.Release|Any CPU.ActiveCfg = Release|Any CPU
		{DB941185-B8E1-4862-A87E-32A9508E59DE}.Release|Any CPU.Build.0 = Release|Any CPU
		{BC01DB9B-FEA7-4010-BF55-BF3188A567F3}.Debug|Any CPU.ActiveCfg = Debug|Any CPU
		{BC01DB9B-FEA7-4010-BF55-BF3188A567F3}.Debug|Any CPU.Build.0 = Debug|Any CPU
		{BC01DB9B-FEA7-4010-BF55-BF3188A567F3}.Release|Any CPU.ActiveCfg = Release|Any CPU
		{BC01DB9B-FEA7-4010-BF55-BF3188A567F3}.Release|Any CPU.Build.0 = Release|Any CPU
		{814B847D-50D6-4012-A23C-FED77008F43C}.Debug|Any CPU.ActiveCfg = Debug|Any CPU
		{814B847D-50D6-4012-A23C-FED77008F43C}.Debug|Any CPU.Build.0 = Debug|Any CPU
		{814B847D-50D6-4012-A23C-FED77008F43C}.Release|Any CPU.ActiveCfg = Release|Any CPU
		{814B847D-50D6-4012-A23C-FED77008F43C}.Release|Any CPU.Build.0 = Release|Any CPU
		{5CD588FA-C3B4-406E-AB7F-3B6372B7F480}.Debug|Any CPU.ActiveCfg = Debug|Any CPU
		{5CD588FA-C3B4-406E-AB7F-3B6372B7F480}.Debug|Any CPU.Build.0 = Debug|Any CPU
		{5CD588FA-C3B4-406E-AB7F-3B6372B7F480}.Release|Any CPU.ActiveCfg = Release|Any CPU
		{5CD588FA-C3B4-406E-AB7F-3B6372B7F480}.Release|Any CPU.Build.0 = Release|Any CPU
		{1B622915-4C7E-4007-917F-7FE0EBFBFFEB}.Debug|Any CPU.ActiveCfg = Debug|Any CPU
		{1B622915-4C7E-4007-917F-7FE0EBFBFFEB}.Debug|Any CPU.Build.0 = Debug|Any CPU
		{1B622915-4C7E-4007-917F-7FE0EBFBFFEB}.Release|Any CPU.ActiveCfg = Release|Any CPU
		{1B622915-4C7E-4007-917F-7FE0EBFBFFEB}.Release|Any CPU.Build.0 = Release|Any CPU
		{90C95CB6-2677-4FF9-96F7-316B967B4426}.Debug|Any CPU.ActiveCfg = Debug|Any CPU
		{90C95CB6-2677-4FF9-96F7-316B967B4426}.Debug|Any CPU.Build.0 = Debug|Any CPU
		{90C95CB6-2677-4FF9-96F7-316B967B4426}.Release|Any CPU.ActiveCfg = Release|Any CPU
		{90C95CB6-2677-4FF9-96F7-316B967B4426}.Release|Any CPU.Build.0 = Release|Any CPU
	EndGlobalSection
	GlobalSection(SolutionProperties) = preSolution
		HideSolutionNode = FALSE
	EndGlobalSection
	GlobalSection(NestedProjects) = preSolution
		{FF2027D0-B67E-44EA-A9CB-A9530A93DE8E} = {C470542F-600A-454F-8C75-40D894C9F4EB}
		{CC2B58A7-AB5C-49C8-A47F-FA9356BE8CC5} = {C470542F-600A-454F-8C75-40D894C9F4EB}
		{ABBD0B3F-7C25-48E8-AB31-2844242C6EBF} = {C470542F-600A-454F-8C75-40D894C9F4EB}
		{73FC8730-4E8D-41A7-B75B-16FA9E5C83F3} = {C470542F-600A-454F-8C75-40D894C9F4EB}
		{4BE85639-B00D-4242-86BD-D525CDFDF923} = {CC2B58A7-AB5C-49C8-A47F-FA9356BE8CC5}
		{30EFAC2D-E808-4BD5-8650-D2C185EA7C7B} = {CC2B58A7-AB5C-49C8-A47F-FA9356BE8CC5}
		{54D63639-F99E-4A57-AE58-53E03CD99FCE} = {ABBD0B3F-7C25-48E8-AB31-2844242C6EBF}
		{DB941185-B8E1-4862-A87E-32A9508E59DE} = {ABBD0B3F-7C25-48E8-AB31-2844242C6EBF}
		{BC01DB9B-FEA7-4010-BF55-BF3188A567F3} = {FF2027D0-B67E-44EA-A9CB-A9530A93DE8E}
		{814B847D-50D6-4012-A23C-FED77008F43C} = {2E7AA569-4C08-4517-8221-05D2A90DA7FF}
		{5CD588FA-C3B4-406E-AB7F-3B6372B7F480} = {019007F3-459A-4F1C-973C-2C992DBD8BDB}
		{1B622915-4C7E-4007-917F-7FE0EBFBFFEB} = {2E7AA569-4C08-4517-8221-05D2A90DA7FF}
		{90C95CB6-2677-4FF9-96F7-316B967B4426} = {2E7AA569-4C08-4517-8221-05D2A90DA7FF}
	EndGlobalSection
	GlobalSection(ExtensibilityGlobals) = postSolution
		SolutionGuid = {3211889F-ADCB-4AEA-81BD-711C56DD8FB5}
	EndGlobalSection
EndGlobal
